
Microsoft Visual Studio Solution File, Format Version 12.00
# Visual Studio Version 16
VisualStudioVersion = 16.0.29102.190
MinimumVisualStudioVersion = 10.0.40219.1
Project("{2150E333-8FDC-42A3-9474-1A3956D46DE8}") = "1 Domain", "1 Domain", "{0E9C82B1-E7CE-4093-8DDF-A6DBDA40A3E5}"
EndProject
Project("{2150E333-8FDC-42A3-9474-1A3956D46DE8}") = "2 Repositories", "2 Repositories", "{CA7CC68C-2925-47D2-B87B-C819435A918C}"
EndProject
Project("{2150E333-8FDC-42A3-9474-1A3956D46DE8}") = "3 Services", "3 Services", "{095933A8-B1D9-46C6-AB3F-0471EBC6E4BF}"
EndProject
Project("{2150E333-8FDC-42A3-9474-1A3956D46DE8}") = "6 utilities", "6 utilities", "{AB5872D9-3780-4BEC-8864-820C9D602755}"
EndProject
Project("{9A19103F-16F7-4668-BE54-9A1E7A4F7556}") = "HRSys.DTO", "Domain\HRSys.DTO\HRSys.DTO.csproj", "{0AD18A73-0C92-48AC-9529-D004CA3C6FA4}"
EndProject
Project("{9A19103F-16F7-4668-BE54-9A1E7A4F7556}") = "HRSys.Model", "Domain\HRSys.Model\HRSys.Model.csproj", "{D8801602-D6BA-4C94-8D23-08A7F154D295}"
EndProject
Project("{9A19103F-16F7-4668-BE54-9A1E7A4F7556}") = "HRSys.Repositories", "Repositories\HRSys.Repositories\HRSys.Repositories.csproj", "{095DF677-DDB2-47C7-9AA0-B9157D3031FC}"
EndProject
Project("{2150E333-8FDC-42A3-9474-1A3956D46DE8}") = "7 Common", "7 Common", "{02AD580E-2842-4244-A23F-815BC4AAC5EF}"
EndProject
Project("{9A19103F-16F7-4668-BE54-9A1E7A4F7556}") = "HRSys.Constants", "HRSys.Constants\HRSys.Constants.csproj", "{00B66D71-4C94-42F2-B99A-65A305104BED}"
EndProject
Project("{9A19103F-16F7-4668-BE54-9A1E7A4F7556}") = "HRSys.Services", "Services\HRSys.Services\HRSys.Services.csproj", "{4C061A04-6BC5-4CBF-980F-A725B262A772}"
EndProject
Project("{9A19103F-16F7-4668-BE54-9A1E7A4F7556}") = "HRSys.Logger", "HRSys.Logger\HRSys.Logger.csproj", "{B12D4879-EF99-41E9-82EB-73734968C465}"
EndProject
Project("{9A19103F-16F7-4668-BE54-9A1E7A4F7556}") = "HRSys.AutoMapper", "HRSys.AutoMapper\HRSys.AutoMapper.csproj", "{54F9C776-78A8-4774-A4AD-031DA23D25ED}"
EndProject
Project("{9A19103F-16F7-4668-BE54-9A1E7A4F7556}") = "HRSys.Localizations", "HRSys.Localizations\HRSys.Localizations.csproj", "{6C7BD263-3987-4D3F-9D5A-A1793F6EE785}"
EndProject
Project("{9A19103F-16F7-4668-BE54-9A1E7A4F7556}") = "HRSys.Enum", "domain\HRSys.Enum\HRSys.Enum.csproj", "{1991E2F7-1A32-4E45-A7EA-2C61FCAF7FF0}"
EndProject
Project("{9A19103F-16F7-4668-BE54-9A1E7A4F7556}") = "HRSys.Caching", "HRSys.Caching\HRSys.Caching.csproj", "{896097CC-A82C-4708-9BCB-339076E2243C}"
EndProject
Project("{9A19103F-16F7-4668-BE54-9A1E7A4F7556}") = "HRSys.Shared", "HRSys.Shared\HRSys.Shared.csproj", "{57B47498-41BB-4BCB-8F0F-D7F9A12A1086}"
EndProject
Project("{2150E333-8FDC-42A3-9474-1A3956D46DE8}") = "API", "API", "{227283AD-B7B9-4740-BC91-BBEC4CA9974F}"
EndProject
Project("{9A19103F-16F7-4668-BE54-9A1E7A4F7556}") = "HRSys.Api", "HRSys.Api\HRSys.Api.csproj", "{83308577-1AC6-4B5A-A89A-AE50676AA616}"
EndProject
Global
	GlobalSection(SolutionConfigurationPlatforms) = preSolution
		Debug|Any CPU = Debug|Any CPU
		Release|Any CPU = Release|Any CPU
	EndGlobalSection
	GlobalSection(ProjectConfigurationPlatforms) = postSolution
		{0AD18A73-0C92-48AC-9529-D004CA3C6FA4}.Debug|Any CPU.ActiveCfg = Debug|Any CPU
		{0AD18A73-0C92-48AC-9529-D004CA3C6FA4}.Debug|Any CPU.Build.0 = Debug|Any CPU
		{0AD18A73-0C92-48AC-9529-D004CA3C6FA4}.Release|Any CPU.ActiveCfg = Release|Any CPU
		{0AD18A73-0C92-48AC-9529-D004CA3C6FA4}.Release|Any CPU.Build.0 = Release|Any CPU
		{D8801602-D6BA-4C94-8D23-08A7F154D295}.Debug|Any CPU.ActiveCfg = Debug|Any CPU
		{D8801602-D6BA-4C94-8D23-08A7F154D295}.Debug|Any CPU.Build.0 = Debug|Any CPU
		{D8801602-D6BA-4C94-8D23-08A7F154D295}.Release|Any CPU.ActiveCfg = Release|Any CPU
		{D8801602-D6BA-4C94-8D23-08A7F154D295}.Release|Any CPU.Build.0 = Release|Any CPU
		{095DF677-DDB2-47C7-9AA0-B9157D3031FC}.Debug|Any CPU.ActiveCfg = Debug|Any CPU
		{095DF677-DDB2-47C7-9AA0-B9157D3031FC}.Debug|Any CPU.Build.0 = Debug|Any CPU
		{095DF677-DDB2-47C7-9AA0-B9157D3031FC}.Release|Any CPU.ActiveCfg = Release|Any CPU
		{095DF677-DDB2-47C7-9AA0-B9157D3031FC}.Release|Any CPU.Build.0 = Release|Any CPU
		{00B66D71-4C94-42F2-B99A-65A305104BED}.Debug|Any CPU.ActiveCfg = Debug|Any CPU
		{00B66D71-4C94-42F2-B99A-65A305104BED}.Debug|Any CPU.Build.0 = Debug|Any CPU
		{00B66D71-4C94-42F2-B99A-65A305104BED}.Release|Any CPU.ActiveCfg = Release|Any CPU
		{00B66D71-4C94-42F2-B99A-65A305104BED}.Release|Any CPU.Build.0 = Release|Any CPU
		{4C061A04-6BC5-4CBF-980F-A725B262A772}.Debug|Any CPU.ActiveCfg = Debug|Any CPU
		{4C061A04-6BC5-4CBF-980F-A725B262A772}.Debug|Any CPU.Build.0 = Debug|Any CPU
		{4C061A04-6BC5-4CBF-980F-A725B262A772}.Release|Any CPU.ActiveCfg = Release|Any CPU
		{4C061A04-6BC5-4CBF-980F-A725B262A772}.Release|Any CPU.Build.0 = Release|Any CPU
		{B12D4879-EF99-41E9-82EB-73734968C465}.Debug|Any CPU.ActiveCfg = Debug|Any CPU
		{B12D4879-EF99-41E9-82EB-73734968C465}.Debug|Any CPU.Build.0 = Debug|Any CPU
		{B12D4879-EF99-41E9-82EB-73734968C465}.Release|Any CPU.ActiveCfg = Release|Any CPU
		{B12D4879-EF99-41E9-82EB-73734968C465}.Release|Any CPU.Build.0 = Release|Any CPU
		{54F9C776-78A8-4774-A4AD-031DA23D25ED}.Debug|Any CPU.ActiveCfg = Debug|Any CPU
		{54F9C776-78A8-4774-A4AD-031DA23D25ED}.Debug|Any CPU.Build.0 = Debug|Any CPU
		{54F9C776-78A8-4774-A4AD-031DA23D25ED}.Release|Any CPU.ActiveCfg = Release|Any CPU
		{54F9C776-78A8-4774-A4AD-031DA23D25ED}.Release|Any CPU.Build.0 = Release|Any CPU
		{6C7BD263-3987-4D3F-9D5A-A1793F6EE785}.Debug|Any CPU.ActiveCfg = Debug|Any CPU
		{6C7BD263-3987-4D3F-9D5A-A1793F6EE785}.Debug|Any CPU.Build.0 = Debug|Any CPU
		{6C7BD263-3987-4D3F-9D5A-A1793F6EE785}.Release|Any CPU.ActiveCfg = Release|Any CPU
		{6C7BD263-3987-4D3F-9D5A-A1793F6EE785}.Release|Any CPU.Build.0 = Release|Any CPU
		{1991E2F7-1A32-4E45-A7EA-2C61FCAF7FF0}.Debug|Any CPU.ActiveCfg = Debug|Any CPU
		{1991E2F7-1A32-4E45-A7EA-2C61FCAF7FF0}.Debug|Any CPU.Build.0 = Debug|Any CPU
		{1991E2F7-1A32-4E45-A7EA-2C61FCAF7FF0}.Release|Any CPU.ActiveCfg = Release|Any CPU
		{1991E2F7-1A32-4E45-A7EA-2C61FCAF7FF0}.Release|Any CPU.Build.0 = Release|Any CPU
		{896097CC-A82C-4708-9BCB-339076E2243C}.Debug|Any CPU.ActiveCfg = Debug|Any CPU
		{896097CC-A82C-4708-9BCB-339076E2243C}.Debug|Any CPU.Build.0 = Debug|Any CPU
		{896097CC-A82C-4708-9BCB-339076E2243C}.Release|Any CPU.ActiveCfg = Release|Any CPU
		{896097CC-A82C-4708-9BCB-339076E2243C}.Release|Any CPU.Build.0 = Release|Any CPU
		{57B47498-41BB-4BCB-8F0F-D7F9A12A1086}.Debug|Any CPU.ActiveCfg = Debug|Any CPU
		{57B47498-41BB-4BCB-8F0F-D7F9A12A1086}.Debug|Any CPU.Build.0 = Debug|Any CPU
		{57B47498-41BB-4BCB-8F0F-D7F9A12A1086}.Release|Any CPU.ActiveCfg = Release|Any CPU
		{57B47498-41BB-4BCB-8F0F-D7F9A12A1086}.Release|Any CPU.Build.0 = Release|Any CPU
		{83308577-1AC6-4B5A-A89A-AE50676AA616}.Debug|Any CPU.ActiveCfg = Debug|Any CPU
		{83308577-1AC6-4B5A-A89A-AE50676AA616}.Debug|Any CPU.Build.0 = Debug|Any CPU
		{83308577-1AC6-4B5A-A89A-AE50676AA616}.Release|Any CPU.ActiveCfg = Release|Any CPU
		{83308577-1AC6-4B5A-A89A-AE50676AA616}.Release|Any CPU.Build.0 = Release|Any CPU
	EndGlobalSection
	GlobalSection(SolutionProperties) = preSolution
		HideSolutionNode = FALSE
	EndGlobalSection
	GlobalSection(NestedProjects) = preSolution
		{0AD18A73-0C92-48AC-9529-D004CA3C6FA4} = {0E9C82B1-E7CE-4093-8DDF-A6DBDA40A3E5}
		{D8801602-D6BA-4C94-8D23-08A7F154D295} = {0E9C82B1-E7CE-4093-8DDF-A6DBDA40A3E5}
		{095DF677-DDB2-47C7-9AA0-B9157D3031FC} = {CA7CC68C-2925-47D2-B87B-C819435A918C}
		{00B66D71-4C94-42F2-B99A-65A305104BED} = {02AD580E-2842-4244-A23F-815BC4AAC5EF}
		{4C061A04-6BC5-4CBF-980F-A725B262A772} = {095933A8-B1D9-46C6-AB3F-0471EBC6E4BF}
		{B12D4879-EF99-41E9-82EB-73734968C465} = {AB5872D9-3780-4BEC-8864-820C9D602755}
		{54F9C776-78A8-4774-A4AD-031DA23D25ED} = {02AD580E-2842-4244-A23F-815BC4AAC5EF}
		{6C7BD263-3987-4D3F-9D5A-A1793F6EE785} = {02AD580E-2842-4244-A23F-815BC4AAC5EF}
		{1991E2F7-1A32-4E45-A7EA-2C61FCAF7FF0} = {0E9C82B1-E7CE-4093-8DDF-A6DBDA40A3E5}
		{896097CC-A82C-4708-9BCB-339076E2243C} = {02AD580E-2842-4244-A23F-815BC4AAC5EF}
		{57B47498-41BB-4BCB-8F0F-D7F9A12A1086} = {AB5872D9-3780-4BEC-8864-820C9D602755}
		{83308577-1AC6-4B5A-A89A-AE50676AA616} = {227283AD-B7B9-4740-BC91-BBEC4CA9974F}
	EndGlobalSection
	GlobalSection(ExtensibilityGlobals) = postSolution
		SolutionGuid = {414944C0-5947-4C34-ACD4-44EC76324BC1}
	EndGlobalSection
EndGlobal
